dependencies:
- name: external-secrets
  repository: https://charts.external-secrets.io
  version: 0.5.2
- name: kubernetes-dashboard
  repository: https://kubernetes.github.io/dashboard/
  version: 5.0.5
- name: aws-load-balancer-controller
  repository: https://aws.github.io/eks-charts
  version: 1.4.1
- name: metrics-server
  repository: https://kubernetes-sigs.github.io/metrics-server/
  version: 3.7.0
digest: sha256:c18fb38db37925f395a6959ab6049098437299fd6f4fe935f593261eb1333f41
generated: "2022-04-29T15:37:00.19342+08:00"
